{
  "name": "mb-hex-extract",
  "version": "1.0.0",
  "lockfileVersion": 2,
  "requires": true,
  "packages": {
    "": {
      "name": "mb-hex-extract",
      "version": "1.0.0",
      "license": "ISC",
      "dependencies": {
        "@microbit/microbit-universal-hex": "^0.2.2"
      },
      "devDependencies": {
        "@types/node": "^20.2.3",
        "typescript": "^5.0.4"
      }
    },
    "node_modules/@microbit/microbit-universal-hex": {
      "version": "0.2.2",
      "resolved": "https://registry.npmjs.org/@microbit/microbit-universal-hex/-/microbit-universal-hex-0.2.2.tgz",
      "integrity": "sha512-qyFt8ATgxAyPkNz9Yado4HXEeCctwP/8L1/v2hFLeVUqw/HFqVqV4piJbqRMmyOefMcQ9OyVPhLXjtbKn9063Q==",
      "engines": {
        "node": ">=8.5",
        "npm": ">=6.0",
        "yarn": "^1.0"
      },
      "peerDependencies": {
        "tslib": ">=1.11.1"
      }
    },
    "node_modules/@types/node": {
      "version": "20.2.3",
      "resolved": "https://registry.npmjs.org/@types/node/-/node-20.2.3.tgz",
      "integrity": "sha512-pg9d0yC4rVNWQzX8U7xb4olIOFuuVL9za3bzMT2pu2SU0SNEi66i2qrvhE2qt0HvkhuCaWJu7pLNOt/Pj8BIrw==",
      "dev": true
    },
    "node_modules/tslib": {
      "version": "2.5.2",
      "resolved": "https://registry.npmjs.org/tslib/-/tslib-2.5.2.tgz",
      "integrity": "sha512-5svOrSA2w3iGFDs1HibEVBGbDrAY82bFQ3HZ3ixB+88nsbsWQoKqDRb5UBYAUPEzbBn6dAp5gRNXglySbx1MlA==",
      "peer": true
    },
    "node_modules/typescript": {
      "version": "5.0.4",
      "resolved": "https://registry.npmjs.org/typescript/-/typescript-5.0.4.tgz",
      "integrity": "sha512-cW9T5W9xY37cc+jfEnaUvX91foxtHkza3Nw3wkoF4sSlKn0MONdkdEndig/qPBWXNkmplh3NzayQzCiHM4/hqw==",
      "dev": true,
      "bin": {
        "tsc": "bin/tsc",
        "tsserver": "bin/tsserver"
      },
      "engines": {
        "node": ">=12.20"
      }
    }
  },
  "dependencies": {
    "@microbit/microbit-universal-hex": {
      "version": "0.2.2",
      "resolved": "https://registry.npmjs.org/@microbit/microbit-universal-hex/-/microbit-universal-hex-0.2.2.tgz",
      "integrity": "sha512-qyFt8ATgxAyPkNz9Yado4HXEeCctwP/8L1/v2hFLeVUqw/HFqVqV4piJbqRMmyOefMcQ9OyVPhLXjtbKn9063Q==",
      "requires": {}
    },
    "@types/node": {
      "version": "20.2.3",
      "resolved": "https://registry.npmjs.org/@types/node/-/node-20.2.3.tgz",
      "integrity": "sha512-pg9d0yC4rVNWQzX8U7xb4olIOFuuVL9za3bzMT2pu2SU0SNEi66i2qrvhE2qt0HvkhuCaWJu7pLNOt/Pj8BIrw==",
      "dev": true
    },
    "tslib": {
      "version": "2.5.2",
      "resolved": "https://registry.npmjs.org/tslib/-/tslib-2.5.2.tgz",
      "integrity": "sha512-5svOrSA2w3iGFDs1HibEVBGbDrAY82bFQ3HZ3ixB+88nsbsWQoKqDRb5UBYAUPEzbBn6dAp5gRNXglySbx1MlA==",
      "peer": true
    },
    "typescript": {
      "version": "5.0.4",
      "resolved": "https://registry.npmjs.org/typescript/-/typescript-5.0.4.tgz",
      "integrity": "sha512-cW9T5W9xY37cc+jfEnaUvX91foxtHkza3Nw3wkoF4sSlKn0MONdkdEndig/qPBWXNkmplh3NzayQzCiHM4/hqw==",
      "dev": true
    }
  }
}
